
Microsoft Visual Studio Solution File, Format Version 12.00
# Visual Studio Version 17
VisualStudioVersion = 17.14.36109.1 d17.14
MinimumVisualStudioVersion = 10.0.40219.1
Project("{FAE04EC0-301F-11D3-BF4B-00C04F79EFBC}") = "SistemsProyect", "SistemsProyect.csproj", "{8DF87C48-EA84-4277-8931-3E8C84533F2B}"
EndProject
Global
	GlobalSection(SolutionConfigurationPlatforms) = preSolution
		Debug|Any CPU = Debug|Any CPU
		Release|Any CPU = Release|Any CPU
	EndGlobalSection
	GlobalSection(ProjectConfigurationPlatforms) = postSolution
		{8DF87C48-EA84-4277-8931-3E8C84533F2B}.Debug|Any CPU.ActiveCfg = Debug|Any CPU
		{8DF87C48-EA84-4277-8931-3E8C84533F2B}.Debug|Any CPU.Build.0 = Debug|Any CPU
		{8DF87C48-EA84-4277-8931-3E8C84533F2B}.Release|Any CPU.ActiveCfg = Release|Any CPU
		{8DF87C48-EA84-4277-8931-3E8C84533F2B}.Release|Any CPU.Build.0 = Release|Any CPU
	EndGlobalSection
	GlobalSection(SolutionProperties) = preSolution
		HideSolutionNode = FALSE
	EndGlobalSection
	GlobalSection(ExtensibilityGlobals) = postSolution
		SolutionGuid = {A17FAA0F-BDC5-43DE-824B-50CF756D69A3}
	EndGlobalSection
EndGlobal
